version = 1
revision = 3
requires-python = "==3.12.*"

[[package]]
name = "ast-serialize"
version = "0.11.2"
source = { registry = "https://pypi.org/simple" }
sdist = { url = "https://files.pythonhosted.org/packages/54/1e/4f6082cdd6e5a29093513e9a3eabc5ed1c5331a9a84386b2fece80a00a48/ast_serialize-0.11.2.tar.gz", hash = "sha256:976a5bd75845d22f4b52905ddf53ab669ef1b14dba7735f5512841a2ef2b5450", size = 954387, upload-time = "2026-09-13T18:48:55.673Z" }
wheels = [
    { url = "https://files.pythonhosted.org/packages/0b/55/a1962188abf0e62d84d55892bb044347e434711763b9a1d4ad867a70c1be/ast_serialize-0.11.2-cp315-abi3.abi3t-macosx_10_12_x86_64.whl", hash = "sha256:ab924ba260efd7509492f272d4e236d24564033f20c005d7c63a107c6a76fc85", size = 1235457, upload-time = "2026-09-13T18:47:54.554Z" },
    { url = "https://files.pythonhosted.org/packages/2a/ad/439c2959150718446af76fbe2f4000f35eba9869ef8564f3d9a3d0b1c370/ast_serialize-0.11.2-cp315-abi3.abi3t-macosx_11_0_arm64.whl", hash = "sha256:a586be418eb70a9f1396cea29ddac8f4b9bf277fb73ea2340db31e218bc00f32", size = 1215705, upload-time = "2026-09-13T18:47:56.178Z" },
    { url = "https://files.pythonhosted.org/packages/6d/d8/2c6542fc3e7c56a0a25d8d12d034d5a2d2e1900e292567b1c1dca8e83124/ast_serialize-0.11.2-cp315-abi3.abi3t-manylinux_2_17_aarch64.manylinux2014_aarch64.whl", hash = "sha256:8532f20916fa3189d4d785ef2a62d93c4d651ec9c5bffda66d2fc36898351f34", size = 1282530, upload-time = "2026-09-13T18:47:57.619Z" },
    { url = "https://files.pythonhosted.org/packages/fa/ad/6f6755cd0842db46c3b10b1e4735f14aad78d71dea4753eb46933101711b/ast_serialize-0.11.2-cp315-abi3.abi3t-manylinux_2_17_armv7l.manylinux2014_armv7l.whl", hash = "sha256:ee732ae167e686d1d3c00f98d7d82b23138304694f0441b14d7ddf9c0f8a921c", size = 1287792, upload-time = "2026-09-13T18:47:59.227Z" },
    { url = "https://files.pythonhosted.org/packages/03/40/5da672f5dd23fb7dc0c884c97711e56a3540f2fe3c4355a81f8beb385911/ast_serialize-0.11.2-cp315-abi3.abi3t-manylinux_2_17_ppc64le.manylinux2014_ppc64le.whl", hash = "sha256:75a1c7f46b9c19fc0ae01ca6fd076301628faa2ed7a8edbd55c6353c483946a3", size = 1557971, upload-time = "2026-09-13T18:48:00.96Z" },
    { url = "https://files.pythonhosted.org/packages/df/c7/2bb25684f697801eb72866fdb94ed5edbff3867ce878b0e542a4a5b9dab9/ast_serialize-0.11.2-cp315-abi3.abi3t-manylinux_2_17_s390x.manylinux2014_s390x.whl", hash = "sha256:2fdf31a0bb85ea2575cc91669f005e6647d2efed491231c4dc1497bc9a5b3aa6", size = 1303230, upload-time = "2026-09-13T18:48:02.337Z" },
    { url = "https://files.pythonhosted.org/packages/d8/85/754681846f26e0ff1da729b1ffe3171e93c22f0aa6ec3cea5b14e3703846/ast_serialize-0.11.2-cp315-abi3.abi3t-manylinux_2_17_x86_64.manylinux2014_x86_64.whl", hash = "sha256:3b78e6fdef3b06c86ed263e1962fee5a7b9d2d158e738b212d13b2c605ee12f5", size = 1302271, upload-time = "2026-09-13T18:48:03.915Z" },
    { url = "https://files.pythonhosted.org/packages/fb/dc/f5521d8cb44b69095c3982ae3658a12c403e0efa19e51aeb9c8a79dff60c/ast_serialize-0.11.2-cp315-abi3.abi3t-manylinux_2_31_riscv64.whl", hash = "sha256:8d62a47714c8bc432b9fabcc29989c815c5da17327d35151f2fd0d85c2a7a5ff", size = 1309529, upload-time = "2026-09-13T18:48:05.562Z" },
    { url = "https://files.pythonhosted.org/packages/73/0d/649182c7fd7c4f782279bed514de2dd67e48a5afecb605a098d64fdc01fd/ast_serialize-0.11.2-cp315-abi3.abi3t-manylinux_2_5_i686.manylinux1_i686.whl", hash = "sha256:8a5ffa70e76191dcf240d3c43e20c93b3bfd26f54d89148c762d57837f5bcd2c", size = 1356869, upload-time = "2026-09-13T18:48:07.534Z" },
    { url = "https://files.pythonhosted.org/packages/bf/cc/aff4d84c16afa742d13a75384127c7d24594dc8c304f0558a15924fd51af/ast_serialize-0.11.2-cp315-abi3.abi3t-musllinux_1_2_aarch64.whl", hash = "sha256:bfbe47a3a7c368f28836e78b2440a3643ac0ec4c67d9fe53588e1448f0a3d35d", size = 1460006, upload-time = "2026-09-13T18:48:09.162Z" },
    { url = "https://files.pythonhosted.org/packages/94/a7/891cbec2e5e0d7159196159d3ff0646622f3120ff4576c839ac2dd56c719/ast_serialize-0.11.2-cp315-abi3.abi3t-musllinux_1_2_armv7l.whl", hash = "sha256:7f1823275b246f9c7d373be6879e4eec09686948895d4ad083f4b27fd7e4da70", size = 1562935, upload-time = "2026-09-13T18:48:10.978Z" },
    { url = "https://files.pythonhosted.org/packages/45/c4/2c8c4498340ea9aff87a9fd408309aa25d56dd51d7bbddfdb46a3c31424a/ast_serialize-0.11.2-cp315-abi3.abi3t-musllinux_1_2_i686.whl", hash = "sha256:57c0f5cb0021a5beb1e5e4d6e840ae2f23a28909703ef4d256a144cc1ad3d437", size = 1557109, upload-time = "2026-09-13T18:48:12.616Z" },
    { url = "https://files.pythonhosted.org/packages/0d/8b/c5d4e5226fa18885fe17f949aee3ab1aeb8389c384d946ec1b7c9489cc94/ast_serialize-0.11.2-cp315-abi3.abi3t-musllinux_1_2_ppc64le.whl", hash = "sha256:cd320a5c4f1f2742af97eea22954f776379175c5ef2504801e9a155f2ff9a4d7", size = 1691603, upload-time = "2026-09-13T18:48:14.293Z" },
    { url = "https://files.pythonhosted.org/packages/73/d6/1d2ca472586f9e3416a289a22f36eeb6dd6f47d77b1a4aba358405babbc7/ast_serialize-0.11.2-cp315-abi3.abi3t-musllinux_1_2_riscv64.whl", hash = "sha256:13b13afe32e845c86a573497729e1b7ddeb26c572c78bf50ece51da23b8fad5e", size = 1483053, upload-time = "2026-09-13T18:48:15.789Z" },
    { url = "https://files.pythonhosted.org/packages/0e/16/d3703a7c1e3c76b144ac9349a54d3926d0749918a8dc13a66cede208b8ec/ast_serialize-0.11.2-cp315-abi3.abi3t-musllinux_1_2_x86_64.whl", hash = "sha256:9d80a81ec84660422579bdb8e789f656a794b48c7a1ae1261f6bd8bc1897d17d", size = 1502499, upload-time = "2026-09-13T18:48:17.405Z" },
    { url = "https://files.pythonhosted.org/packages/2b/e4/d974e55c2e247ef26ed1df01c74940583db9a5b3a8bcaad5732c6e2047fb/ast_serialize-0.11.2-cp315-abi3.abi3t-win32.whl", hash = "sha256:af8c003ce721b0099dd55cef4ba733500fc3054ea0cc8565d8957aaf7cccdeb4", size = 1119739, upload-time = "2026-09-13T18:48:19.005Z" },
    { url = "https://files.pythonhosted.org/packages/0d/00/d229443488e095054d5e0c0cc20689a2633b899d735849ff1b2c8e4f0cbf/ast_serialize-0.11.2-cp315-abi3.abi3t-win_amd64.whl", hash = "sha256:554d117cb916d8032d85007c654d179efbbfd446174c048062778136a922944f", size = 1158602, upload-time = "2026-09-13T18:48:20.524Z" },
    { url = "https://files.pythonhosted.org/packages/11/75/389fc1a6cfa0c4b2ce522f47d8401329d8bb11732e516d46465960fef1d9/ast_serialize-0.11.2-cp315-abi3.abi3t-win_arm64.whl", hash = "sha256:d60515335750d431e462af6e722bb55720a5e7827192777bddfd9c4376065a4d", size = 1128842, upload-time = "2026-09-13T18:48:22.052Z" },
    { url = "https://files.pythonhosted.org/packages/b1/54/f67120006fc73a55b6d057d4662d061fbb4eceafce3047c76ca8b382eb11/ast_serialize-0.11.2-cp39-abi3-macosx_10_12_x86_64.whl", hash = "sha256:daadf1c3e0224621607ffe16f1379e4bd372271ed2e1db8a67878f0bab3ef7e4", size = 1240734, upload-time = "2026-09-13T18:48:25.287Z" },
    { url = "https://files.pythonhosted.org/packages/9a/7e/8f2ab68bddbe58a66fbbaad87beeae3e7d7edddb17263d1fc423936cf34d/ast_serialize-0.11.2-cp39-abi3-macosx_11_0_arm64.whl", hash = "sha256:1844ed9a487fb3de7325c52ddb33f2918b66b65cd54d3f8d83d23785ffe99fa4", size = 1228053, upload-time = "2026-09-13T18:48:26.788Z" },
    { url = "https://files.pythonhosted.org/packages/d2/1b/8a69ab68f4c1603819f0481d756abdd8caf27cec7f1d77caa71007ebe997/ast_serialize-0.11.2-cp39-abi3-manylinux_2_17_aarch64.manylinux2014_aarch64.whl", hash = "sha256:b17869f4ba261a5fa468a753328a548f4dbaf74b4eadae9e28aff66df7f1425b", size = 1292542, upload-time = "2026-09-13T18:48:28.295Z" },
    { url = "https://files.pythonhosted.org/packages/d1/ce/872f2e00f0467c289e483f0a34543463347243a2d0632748d89fcee5e0dc/ast_serialize-0.11.2-cp39-abi3-manylinux_2_17_armv7l.manylinux2014_armv7l.whl", hash = "sha256:feb16d9c2a720e0120c58dd5d6e7b3c7c86b43249b60a3bc212bcb8fa031e2dd", size = 1294791, upload-time = "2026-09-13T18:48:29.969Z" },
    { url = "https://files.pythonhosted.org/packages/3a/82/36277c12af861c64b375c316135d8feffe3f400568463a8d2b2de4c2c4fb/ast_serialize-0.11.2-cp39-abi3-manylinux_2_17_ppc64le.manylinux2014_ppc64le.whl", hash = "sha256:f3109fe4805384effc8d0f8e41fbf875aa8f389af91b4348c1cfb60ea6e4cb82", size = 1567583, upload-time = "2026-09-13T18:48:31.85Z" },
    { url = "https://files.pythonhosted.org/packages/b0/d7/ec643df91cea8bcbcb4e8011d6a8b08e5119b84f9554879f3e3c786d29d1/ast_serialize-0.11.2-cp39-abi3-manylinux_2_17_s390x.manylinux2014_s390x.whl", hash = "sha256:abdb3e49ba053c3486ac1263bee9f16cc9a4a8abd9f8c90bfc21e3669f3ad9d1", size = 1312878, upload-time = "2026-09-13T18:48:33.495Z" },
    { url = "https://files.pythonhosted.org/packages/04/6f/4c992cd7841ba589fefb14ddc9aff2f6db7f2a615d4074f9ad04115b5ce0/ast_serialize-0.11.2-cp39-abi3-manylinux_2_17_x86_64.manylinux2014_x86_64.whl", hash = "sha256:a7004ba572f09be34342ccb98dcd4bad5707d3d81adc8cb4c3f685d2a2c51bbc", size = 1312642, upload-time = "2026-09-13T18:48:35.294Z" },
    { url = "https://files.pythonhosted.org/packages/d5/e3/22aaa209c231a83cfea004fd67dee7a7a54da3f169c6c460b14b96887385/ast_serialize-0.11.2-cp39-abi3-manylinux_2_31_riscv64.whl", hash = "sha256:59c25f47524efa052971b860e128b1add0c94ede7dd16b2962952c85c3582365", size = 1319776, upload-time = "2026-09-13T18:48:36.866Z" },
    { url = "https://files.pythonhosted.org/packages/c1/f7/d4685fb54d10108ce44d3bc893ef670854d61645d47ed96d73524db90c23/ast_serialize-0.11.2-cp39-abi3-manylinux_2_5_i686.manylinux1_i686.whl", hash = "sha256:f3a367e0e05ed2d1b747ceb07aa728a8c204cc008b589127e9bd4f40053d7575", size = 1365324, upload-time = "2026-09-13T18:48:38.412Z" },
    { url = "https://files.pythonhosted.org/packages/42/3a/250643ffad02bda520c50a9a5f02a5d43259a06f34ce393c91761d134d7e/ast_serialize-0.11.2-cp39-abi3-musllinux_1_2_aarch64.whl", hash = "sha256:00bbf1f6669f813b48925b759f7ae4591067d456d443924055cab386e7e0a719", size = 1467653, upload-time = "2026-09-13T18:48:40.348Z" },
    { url = "https://files.pythonhosted.org/packages/c7/da/af66a646b9b7f8fdec95ce83fc7b1fe538b06864bc79bd554ac4fae2e6ea/ast_serialize-0.11.2-cp39-abi3-musllinux_1_2_armv7l.whl", hash = "sha256:ec1c20f89c3e0d83576e3c06f79375ce936266591fe0d5fd969914af3185cbaa", size = 1571914, upload-time = "2026-09-13T18:48:41.968Z" },
    { url = "https://files.pythonhosted.org/packages/34/82/77a9714564b9e8800087a8afec41527c65c39e49282baae2ac847b9c1c6a/ast_serialize-0.11.2-cp39-abi3-musllinux_1_2_i686.whl", hash = "sha256:c58bb119b73657fdc5569692f316e1e25ca114bd62f7782eb527c6be438ba3a9", size = 1569862, upload-time = "2026-09-13T18:48:43.701Z" },
    { url = "https://files.pythonhosted.org/packages/65/06/fa77b52f46b9bd6dcd8ff2b880e3781f8c1a316bb1342bc3de92907c6f96/ast_serialize-0.11.2-cp39-abi3-musllinux_1_2_ppc64le.whl", hash = "sha256:f739e0b601be7300c5697a2573d9200bd1db74b34ab111ef9537b9d5dcd7f106", size = 1699020, upload-time = "2026-09-13T18:48:45.261Z" },
    { url = "https://files.pythonhosted.org/packages/e1/09/239c83153c7e0798e5867d6909cb06f53dccfef02f6999c8e2e21ecb98c3/ast_serialize-0.11.2-cp39-abi3-musllinux_1_2_riscv64.whl", hash = "sha256:cae5addfbb54cc1d47fe947ef9138e9d83849ed1cbc72b819cf36d96a2315b07", size = 1492869, upload-time = "2026-09-13T18:48:46.922Z" },
    { url = "https://files.pythonhosted.org/packages/2f/eb/6108fb9a43fc7ab5529856e38e33c6e3e064fbfe375fdcbb208c7cd5438d/ast_serialize-0.11.2-cp39-abi3-musllinux_1_2_x86_64.whl", hash = "sha256:2fa3be25f7f5351b1b39c9f8a52779b2dbf21199efbae564b4746422e8edca4e", size = 1511621, upload-time = "2026-09-13T18:48:48.667Z" },
    { url = "https://files.pythonhosted.org/packages/8a/82/60367e58ef346a41ebc90d3f28593c1b8f5c2cb5314c7b2bbd98910ee131/ast_serialize-0.11.2-cp39-abi3-win32.whl", hash = "sha256:d70556a2f9230a44c99a655774cde823f056efc34466eabfb4085f0cb1ea9f99", size = 1125873, upload-time = "2026-09-13T18:48:50.661Z" },
    { url = "https://files.pythonhosted.org/packages/23/bf/b419c3205ce1143ba7c69baef4f0ba43c14d8712113bf34f9e0d27d609be/ast_serialize-0.11.2-cp39-abi3-win_amd64.whl", hash = "sha256:b9065dd23131a23b41f5bab3bf4e9b3c350a3fe8e36e8200eded9b729fcea484", size = 1165434, upload-time = "2026-09-13T18:48:52.169Z" },
    { url = "https://files.pythonhosted.org/packages/91/a7/c8bbb2173f7a7131b3b2412035b2d814ab5ef2ce9799bd06f07c451640e4/ast_serialize-0.11.2-cp39-abi3-win_arm64.whl", hash = "sha256:dab599cbdcb7b45b18c41fad746645580b3a24357082b7f0e8921cd373804f27", size = 1136031, upload-time = "2026-09-13T18:48:54.04Z" },
]

[[package]]
name = "colorama"
version = "0.4.6"
source = { registry = "https://pypi.org/simple" }
sdist = { url = "https://files.pythonhosted.org/packages/d8/53/6f443c9a4a8358a93a6792e2acffb9d9d5cb0a5cfd8802644b7b1c9a02e4/colorama-0.4.6.tar.gz", hash = "sha256:08695f5cb7ed6e0531a20572697297273c47b8cae5a63ffc6d6ed5c201be6e44", size = 27697, upload-time = "2022-10-25T02:36:22.414Z" }
wheels = [
    { url = "https://files.pythonhosted.org/packages/d1/d6/3965ed04c63042e047cb6a3e6ed1a63a35087b6a609aa3a15ed8ac56c221/colorama-0.4.6-py2.py3-none-any.whl", hash = "sha256:4f1d9991f5acc0ca119f9d443620b77f9d6b33703e51011c16baf57afb285fc6", size = 25335, upload-time = "2022-10-25T02:36:20.889Z" },
]

[[package]]
name = "iniconfig"
version = "2.3.0"
source = { registry = "https://pypi.org/simple" }
sdist = { url = "https://files.pythonhosted.org/packages/72/34/14ca021ce8e5dfedc35312d08ba8bf51fdd999c576889fc2c24cb97f4f10/iniconfig-2.3.0.tar.gz", hash = "sha256:c76315c77db068650d49c5b56314774a7804df16fee4402c1f19d6d15d8c4730", size = 20503, upload-time = "2025-10-18T21:55:43.219Z" }
wheels = [
    { url = "https://files.pythonhosted.org/packages/cb/b1/3846dd7f199d53cb17f49cba7e651e9ce294d8497c8c150530ed11865bb8/iniconfig-2.3.0-py3-none-any.whl", hash = "sha256:f631c04d2c48c52b84d0d0549c99ff3859c98df65b3101406327ecc7d53fbf12", size = 7484, upload-time = "2025-10-18T21:55:41.639Z" },
]

[[package]]
name = "librt"
version = "0.16.0"
source = { registry = "https://pypi.org/simple" }
sdist = { url = "https://files.pythonhosted.org/packages/04/f5/9dc696772d241814bacac7880bac32f2930b5a6ebc1f85317b83161a011c/librt-0.16.0.tar.gz", hash = "sha256:ac38d6d8d66bf3d744148dbbc0b8e193e195a51e364ed55e224631f5721891fc", size = 219839, upload-time = "2026-09-29T00:55:32.891Z" }
wheels = [
    { url = "https://files.pythonhosted.org/packages/ad/76/bbdaeb87b7c47b5c7343e90222b9bfa4e4a8a83f647e02933ad0129225b1/librt-0.16.0-cp312-cp312-macosx_10_13_x86_64.whl", hash = "sha256:fe52bf4641069e7978a14253b036cb9002def1926317e710f2e249f8a8c47742", size = 151028, upload-time = "2026-09-29T00:52:41.508Z" },
    { url = "https://files.pythonhosted.org/packages/fd/0c/ab8ed3dab0085931aec4a792c7eaac8dc6c5ff4691fda3a5360d9d8a9cd2/librt-0.16.0-cp312-cp312-macosx_11_0_arm64.whl", hash = "sha256:5bcc2c4726ced915b00de0c9856a4eeabfb3fddb93e10e0b8f735b7709358b6d", size = 155283, upload-time = "2026-09-29T00:52:42.873Z" },
    { url = "https://files.pythonhosted.org/packages/eb/36/494e79d460c80c1f030661e8287c9eca5e1ad652dc2b2180b6cd42abce0a/librt-0.16.0-cp312-cp312-manylinux2014_aarch64.manylinux_2_17_aarch64.manylinux_2_28_aarch64.whl", hash = "sha256:ff7baa55f8e7c69851419e50a666015d02a74198716fd45c0125a2112e0a389f", size = 503185, upload-time = "2026-09-29T00:52:44.638Z" },
    { url = "https://files.pythonhosted.org/packages/9b/34/a8464038dd9db6e4381fa2b6eb73dc9a50888d77102c4c139304ac35cddc/librt-0.16.0-cp312-cp312-manylinux2014_i686.manylinux_2_17_i686.manylinux_2_28_i686.whl", hash = "sha256:b95d5d92ab83d39e760a52091bb1baba664f3a2351e39b1e16801e5747c2f0e9", size = 496738, upload-time = "2026-09-29T00:52:46.441Z" },
    { url = "https://files.pythonhosted.org/packages/6a/53/e0e5e334ef0c6ed27039d323819368b9ef6712be87d55ee2bf9799398afd/librt-0.16.0-cp312-cp312-manylinux2014_ppc64le.manylinux_2_17_ppc64le.manylinux_2_28_ppc64le.whl", hash = "sha256:b6d085d70bce51d43c5c7c36d63490770180d8779e71c49305c87b4213918de7", size = 513818, upload-time = "2026-09-29T00:52:48.068Z" },
    { url = "https://files.pythonhosted.org/packages/ad/f7/7ce72cbf19d0addd05090b339152fd0548a02562c2866a603e6e3b3da2df/librt-0.16.0-cp312-cp312-manylinux2014_x86_64.manylinux_2_17_x86_64.manylinux_2_28_x86_64.whl", hash = "sha256:36e53948e99bbe3ffea257124cfcae1cfb01831555c9a9c903c9f9a72db7fd07", size = 531952, upload-time = "2026-09-29T00:52:49.816Z" },
    { url = "https://files.pythonhosted.org/packages/83/22/0b1bcb6a8e723c8b4fd60dfc8ae8ec6461c54073fbc8685efeb8d900d407/librt-0.16.0-cp312-cp312-manylinux_2_34_riscv64.manylinux_2_39_riscv64.whl", hash = "sha256:54d11f726aae9df5a6ffbbf0a03a52449bbac84a53ef03669cb41cdfd4ae41bf", size = 524465, upload-time = "2026-09-29T00:52:51.354Z" },
    { url = "https://files.pythonhosted.org/packages/64/2e/e9c23b8b9df1813da1be205deca9606beb7ddd033972246cd426d05374a0/librt-0.16.0-cp312-cp312-musllinux_1_2_aarch64.whl", hash = "sha256:4323193ac0cd025f85af531df8ba91bf24d1973b401697347a6282e8fd3fcf5e", size = 543191, upload-time = "2026-09-29T00:52:53.284Z" },
    { url = "https://files.pythonhosted.org/packages/bc/e5/6a8b21b342c03ed7e230fa3afbfd2edc58e6e87ef1f0d11fa2b9a748c252/librt-0.16.0-cp312-cp312-musllinux_1_2_i686.whl", hash = "sha256:e42f8e098b9c5396fefa05fb1cc7e33b0e08fc51da106b5de4a45fd22aac6743", size = 546979, upload-time = "2026-09-29T00:52:54.932Z" },
    { url = "https://files.pythonhosted.org/packages/84/9e/b5129023eced1be01e01c22757f53be551d463b1bb7264f787927404c1d6/librt-0.16.0-cp312-cp312-musllinux_1_2_ppc64le.whl", hash = "sha256:39ec1d5a14e37baf1450a6cabf03fe552340808bf1ad9d71824ab90117716459", size = 555317, upload-time = "2026-09-29T00:52:56.869Z" },
    { url = "https://files.pythonhosted.org/packages/71/89/28bba5938c725fe91f06bf93f7fa6c6b150229df53a87b454b0d5c2a796e/librt-0.16.0-cp312-cp312-musllinux_1_2_riscv64.whl", hash = "sha256:d1aabe3925cbb4a08d15b7b20ba4011b53019da0c4173a25155139b7b1baed65", size = 535846, upload-time = "2026-09-29T00:52:58.475Z" },
    { url = "https://files.pythonhosted.org/packages/22/92/63773026614f888c5d4e370e395ce42ca604b89f70b3acdfedbf94851b80/librt-0.16.0-cp312-cp312-musllinux_1_2_x86_64.whl", hash = "sha256:300c3ffdc459f4a779a8411ecb188e3ac0b1ff3a3a7b099642555dedae06c69b", size = 573700, upload-time = "2026-09-29T00:53:00.127Z" },
    { url = "https://files.pythonhosted.org/packages/66/8f/347d4677eefb57cd9f8e01d95a1dcee9a91b4e44e664173c32ff6f3752e5/librt-0.16.0-cp312-cp312-win32.whl", hash = "sha256:c17194318e4c0c0348b36f36c2ec7534436fe0a4c15582403162a4f08c80797a", size = 106158, upload-time = "2026-09-29T00:53:02.031Z" },
    { url = "https://files.pythonhosted.org/packages/f0/2c/5193dc81127cd5ddfad031391b046bf32dda219b38463ab872407ca30646/librt-0.16.0-cp312-cp312-win_amd64.whl", hash = "sha256:25a58a19ea8d83b68209f04912df765e9260635ef77646542ed4b4abe6bc7940", size = 126176, upload-time = "2026-09-29T00:53:03.445Z" },
    { url = "https://files.pythonhosted.org/packages/ff/3d/9668a400c8dd81d162eba38b33fa49fa6205f1a64493570a13fbb815c3ee/librt-0.16.0-cp312-cp312-win_arm64.whl", hash = "sha256:f7be7cf555bc30ec12622e9447299cc4a9b8ff307548b634794353db0c2065dc", size = 116572, upload-time = "2026-09-29T00:53:04.815Z" },
]

[[package]]
name = "loopctl"
version = "0.1.0"
source = { editable = "." }
dependencies = [
    { name = "pyyaml" },
]

[package.dev-dependencies]
dev = [
    { name = "mypy" },
    { name = "pytest" },
    { name = "ruff" },
    { name = "types-pyyaml" },
]

[package.metadata]
requires-dist = [{ name = "pyyaml" }]

[package.metadata.requires-dev]
dev = [
    { name = "mypy" },
    { name = "pytest" },
    { name = "ruff" },
    { name = "types-pyyaml" },
]

[[package]]
name = "mypy"
version = "2.4.0"
source = { registry = "https://pypi.org/simple" }
dependencies = [
    { name = "ast-serialize" },
    { name = "librt", marker = "platform_python_implementation != 'PyPy'" },
    { name = "mypy-extensions" },
    { name = "pathspec" },
    { name = "typing-extensions" },
]
sdist = { url = "https://files.pythonhosted.org/packages/34/4e/64300736cf0a0373a27b94a91b664ee7382e36f77b0621bae6381da3e180/mypy-2.4.0.tar.gz", hash = "sha256:77bdaebd452f43fcfc4cc3ba94352a3ea537cd01e3f2d0879f48673d2ec00d6e", size = 4064425, upload-time = "2026-10-01T20:40:39.229Z" }
wheels = [
    { url = "https://files.pythonhosted.org/packages/68/ed/e5d7cf4017e74a1c1e1c4058ce8f614fc1e3e7606564f47166e22bfc9f95/mypy-2.4.0-cp312-cp312-macosx_11_0_arm64.whl", hash = "sha256:e05ff2925d8b37ad26c80c1b9dc43ae5d455da2df1e23c24c095a6425917c57e", size = 14378593, upload-time = "2026-10-01T20:38:48.222Z" },
    { url = "https://files.pythonhosted.org/packages/30/7d/12d994886a922f0f1997becc9c6625198d61eeb5962558a886af7dd38d54/mypy-2.4.0-cp312-cp312-manylinux2014_aarch64.manylinux_2_17_aarch64.manylinux_2_28_aarch64.whl", hash = "sha256:29243242cf72582b65f9582ad9e56e8cb281566ed3519f4cd70bb8b9f2977e90", size = 14464697, upload-time = "2026-10-01T20:39:11.059Z" },
    { url = "https://files.pythonhosted.org/packages/f3/9e/bcc9af755425ad17790bf11d73c2ea7592914cf309ee1340997670f9d57a/mypy-2.4.0-cp312-cp312-manylinux2014_x86_64.manylinux_2_17_x86_64.manylinux_2_28_x86_64.whl", hash = "sha256:29eb0b9427a6b11b992e452f6cceb8af724f4dceb47e779d0b35e405e996ea5e", size = 15552257, upload-time = "2026-10-01T20:39:56.269Z" },
    { url = "https://files.pythonhosted.org/packages/af/0c/3343fc4525d6f00d75ad17a93a9f052d5163641cb8911840d4a12cb59ff2/mypy-2.4.0-cp312-cp312-musllinux_1_2_x86_64.whl", hash = "sha256:e3ebe2f72a2a1156065a9851570ffbf50c0a93cdccadef9c6e05c508a4fd10b1", size = 15800443, upload-time = "2026-10-01T20:38:54.815Z" },
    { url = "https://files.pythonhosted.org/packages/8f/0e/69aac6b8159da7c53e6115a2be1bf48e85503402cadbf506dd708e8b2ad7/mypy-2.4.0-cp312-cp312-win_amd64.whl", hash = "sha256:236e0d68f6941992b0811128e652590f590db444ab29ad8f1324765b9298b946", size = 11381574, upload-time = "2026-10-01T20:39:49.406Z" },
    { url = "https://files.pythonhosted.org/packages/6e/d3/d32ce4feb5993eec09d2024bef16cedc9b93701b1446b86092f08b24491b/mypy-2.4.0-cp312-cp312-win_arm64.whl", hash = "sha256:82d0f94c8587ccb472622ee7795280aaa38a06640d5f45b3f16909d6dd86a989", size = 10944729, upload-time = "2026-10-01T20:40:15.203Z" },
    { url = "https://files.pythonhosted.org/packages/81/12/46ae8670c98a3cd0286ca5645c2f918f8f6be65edfed81b916010619f668/mypy-2.4.0-py3-none-any.whl", hash = "sha256:d01c5d26a352acc6d5cf3128225477e1e8465e8d3029d4c345807fbf7f3cf093", size = 2800734, upload-time = "2026-10-01T20:39:26.837Z" },
]

[[package]]
name = "mypy-extensions"
version = "1.1.0"
source = { registry = "https://pypi.org/simple" }
sdist = { url = "https://files.pythonhosted.org/packages/a2/6e/371856a3fb9d31ca8dac321cda606860fa4548858c0cc45d9d1d4ca2628b/mypy_extensions-1.1.0.tar.gz", hash = "sha256:52e68efc3284861e772bbcd66823fde5ae21fd2fdb51c62a211403730b916558", size = 6343, upload-time = "2025-04-22T14:54:24.164Z" }
wheels = [
    { url = "https://files.pythonhosted.org/packages/79/7b/2c79738432f5c924bef5071f933bcc9efd0473bac3b4aa584a6f7c1c8df8/mypy_extensions-1.1.0-py3-none-any.whl", hash = "sha256:1be4cccdb0f2482337c4743e60421de3a356cd97508abadd57d47403e94f5505", size = 4963, upload-time = "2025-04-22T14:54:22.983Z" },
]

[[package]]
name = "packaging"
version = "26.3"
source = { registry = "https://pypi.org/simple" }
sdist = { url = "https://files.pythonhosted.org/packages/7d/fa/3944b40b07da9ce895c0e6303a5ab7d53da063554f534556b134a54d6093/packaging-26.3.tar.gz", hash = "sha256:94edc256424af38762eb31306eed28beb9f0efc50a8837492c9d6fd6004aed79", size = 313412, upload-time = "2026-08-04T18:15:28.737Z" }
wheels = [
    { url = "https://files.pythonhosted.org/packages/63/34/ba1c580383c9eada3711951fef0795c80b829a078d72188184bcab9dd527/packaging-26.3-py3-none-any.whl", hash = "sha256:d7193f7c8e4e93f444fde0262bf90af30e16fa0ad0ad44cb553c87339b23cd1c", size = 129956, upload-time = "2026-08-04T18:15:27.159Z" },
]

[[package]]
name = "pathspec"
version = "1.1.1"
source = { registry = "https://pypi.org/simple" }
sdist = { url = "https://files.pythonhosted.org/packages/5a/82/42f767fc1c1143d6fd36efb827202a2d997a375e160a71eb2888a925aac1/pathspec-1.1.1.tar.gz", hash = "sha256:17db5ecd524104a120e173814c90367a96a98d07c45b2e10c2f3919fff91bf5a", size = 135180, upload-time = "2026-04-27T01:46:08.907Z" }
wheels = [
    { url = "https://files.pythonhosted.org/packages/f1/d9/7fb5aa316bc299258e68c73ba3bddbc499654a07f151cba08f6153988714/pathspec-1.1.1-py3-none-any.whl", hash = "sha256:a00ce642f577bf7f473932318056212bc4f8bfdf53128c78bbd5af0b9b20b189", size = 57328, upload-time = "2026-04-27T01:46:07.06Z" },
]

[[package]]
name = "pluggy"
version = "1.6.0"
source = { registry = "https://pypi.org/simple" }
sdist = { url = "https://files.pythonhosted.org/packages/f9/e2/3e91f31a7d2b083fe6ef3fa267035b518369d9511ffab804f839851d2779/pluggy-1.6.0.tar.gz", hash = "sha256:7dcc130b76258d33b90f61b658791dede3486c3e6bfb003ee5c9bfb396dd22f3", size = 69412, upload-time = "2025-05-15T12:30:07.975Z" }
wheels = [
    { url = "https://files.pythonhosted.org/packages/54/20/4d324d65cc6d9205fabedc306948156824eb9f0ee1633355a8f7ec5c66bf/pluggy-1.6.0-py3-none-any.whl", hash = "sha256:e920276dd6813095e9377c0bc5566d94c932c33b27a3e3945d8389c374dd4746", size = 20538, upload-time = "2025-05-15T12:30:06.134Z" },
]

[[package]]
name = "pygments"
version = "2.21.0"
source = { registry = "https://pypi.org/simple" }
sdist = { url = "https://files.pythonhosted.org/packages/49/2e/ced460408999b33da6b31b0021b0f37d329e202d4169aeb164493778f25b/pygments-2.21.0.tar.gz", hash = "sha256:610ca751c9bc2492b38eb9a38a7fbc93edbbb2d7182edaf34e66ae493dee5c8c", size = 5005329, upload-time = "2026-08-17T08:02:48.824Z" }
wheels = [
    { url = "https://files.pythonhosted.org/packages/71/46/17f022dd3e953bf20a04a028a21ec746d942f8d2af30fa0f124fa0e6a684/pygments-2.21.0-py3-none-any.whl", hash = "sha256:2363c69b61c4a97c838da3b130dcd6468f4848992b21a82f2a63ec34377137d9", size = 1250147, upload-time = "2026-08-17T08:02:44.912Z" },
]

[[package]]
name = "pytest"
version = "9.1.1"
source = { registry = "https://pypi.org/simple" }
dependencies = [
    { name = "colorama", marker = "sys_platform == 'win32'" },
    { name = "iniconfig" },
    { name = "packaging" },
    { name = "pluggy" },
    { name = "pygments" },
]
sdist = { url = "https://files.pythonhosted.org/packages/e4/47/b9efed96c114afcfa3c9d3fe98a76a1d14c74a9e266d397cf6eb64be5e01/pytest-9.1.1.tar.gz", hash = "sha256:1088fbde8f2b49d95a549a195707afa7a76a3ce9bcadc26b6d71f0ffda5fe313", size = 1636369, upload-time = "2026-06-19T10:58:32.857Z" }
wheels = [
    { url = "https://files.pythonhosted.org/packages/24/25/1de2678b631f5a49215c6c96fff41ba892b0a34df68d6d80292b1b48aa7f/pytest-9.1.1-py3-none-any.whl", hash = "sha256:37a86b45efb9a47a61a36449063e8e18d0cab3161329fc099eb21783169c4f0c", size = 386536, upload-time = "2026-06-19T10:58:31.347Z" },
]

[[package]]
name = "pyyaml"
version = "6.0.3"
source = { registry = "https://pypi.org/simple" }
sdist = { url = "https://files.pythonhosted.org/packages/05/8e/961c0007c59b8dd7729d542c61a4d537767a59645b82a0b521206e1e25c2/pyyaml-6.0.3.tar.gz", hash = "sha256:d76623373421df22fb4cf8817020cbb7ef15c725b9d5e45f17e189bfc384190f", size = 130960, upload-time = "2025-09-25T21:33:16.546Z" }
wheels = [
    { url = "https://files.pythonhosted.org/packages/d1/33/422b98d2195232ca1826284a76852ad5a86fe23e31b009c9886b2d0fb8b2/pyyaml-6.0.3-cp312-cp312-macosx_10_13_x86_64.whl", hash = "sha256:7f047e29dcae44602496db43be01ad42fc6f1cc0d8cd6c83d342306c32270196", size = 182063, upload-time = "2025-09-25T21:32:11.445Z" },
    { url = "https://files.pythonhosted.org/packages/89/a0/6cf41a19a1f2f3feab0e9c0b74134aa2ce6849093d5517a0c550fe37a648/pyyaml-6.0.3-cp312-cp312-macosx_11_0_arm64.whl", hash = "sha256:fc09d0aa354569bc501d4e787133afc08552722d3ab34836a80547331bb5d4a0", size = 173973, upload-time = "2025-09-25T21:32:12.492Z" },
    { url = "https://files.pythonhosted.org/packages/ed/23/7a778b6bd0b9a8039df8b1b1d80e2e2ad78aa04171592c8a5c43a56a6af4/pyyaml-6.0.3-cp312-cp312-manylinux2014_aarch64.manylinux_2_17_aarch64.manylinux_2_28_aarch64.whl", hash = "sha256:9149cad251584d5fb4981be1ecde53a1ca46c891a79788c0df828d2f166bda28", size = 775116, upload-time = "2025-09-25T21:32:13.652Z" },
    { url = "https://files.pythonhosted.org/packages/65/30/d7353c338e12baef4ecc1b09e877c1970bd3382789c159b4f89d6a70dc09/pyyaml-6.0.3-cp312-cp312-manylinux2014_s390x.manylinux_2_17_s390x.manylinux_2_28_s390x.whl", hash = "sha256:5fdec68f91a0c6739b380c83b951e2c72ac0197ace422360e6d5a959d8d97b2c", size = 844011, upload-time = "2025-09-25T21:32:15.21Z" },
    { url = "https://files.pythonhosted.org/packages/8b/9d/b3589d3877982d4f2329302ef98a8026e7f4443c765c46cfecc8858c6b4b/pyyaml-6.0.3-cp312-cp312-manylinux2014_x86_64.manylinux_2_17_x86_64.manylinux_2_28_x86_64.whl", hash = "sha256:ba1cc08a7ccde2d2ec775841541641e4548226580ab850948cbfda66a1befcdc", size = 807870, upload-time = "2025-09-25T21:32:16.431Z" },
    { url = "https://files.pythonhosted.org/packages/05/c0/b3be26a015601b822b97d9149ff8cb5ead58c66f981e04fedf4e762f4bd4/pyyaml-6.0.3-cp312-cp312-musllinux_1_2_aarch64.whl", hash = "sha256:8dc52c23056b9ddd46818a57b78404882310fb473d63f17b07d5c40421e47f8e", size = 761089, upload-time = "2025-09-25T21:32:17.56Z" },
    { url = "https://files.pythonhosted.org/packages/be/8e/98435a21d1d4b46590d5459a22d88128103f8da4c2d4cb8f14f2a96504e1/pyyaml-6.0.3-cp312-cp312-musllinux_1_2_x86_64.whl", hash = "sha256:41715c910c881bc081f1e8872880d3c650acf13dfa8214bad49ed4cede7c34ea", size = 790181, upload-time = "2025-09-25T21:32:18.834Z" },
    { url = "https://files.pythonhosted.org/packages/74/93/7baea19427dcfbe1e5a372d81473250b379f04b1bd3c4c5ff825e2327202/pyyaml-6.0.3-cp312-cp312-win32.whl", hash = "sha256:96b533f0e99f6579b3d4d4995707cf36df9100d67e0c8303a0c55b27b5f99bc5", size = 137658, upload-time = "2025-09-25T21:32:20.209Z" },
    { url = "https://files.pythonhosted.org/packages/86/bf/899e81e4cce32febab4fb42bb97dcdf66bc135272882d1987881a4b519e9/pyyaml-6.0.3-cp312-cp312-win_amd64.whl", hash = "sha256:5fcd34e47f6e0b794d17de1b4ff496c00986e1c83f7ab2fb8fcfe9616ff7477b", size = 154003, upload-time = "2025-09-25T21:32:21.167Z" },
    { url = "https://files.pythonhosted.org/packages/1a/08/67bd04656199bbb51dbed1439b7f27601dfb576fb864099c7ef0c3e55531/pyyaml-6.0.3-cp312-cp312-win_arm64.whl", hash = "sha256:64386e5e707d03a7e172c0701abfb7e10f0fb753ee1d773128192742712a98fd", size = 140344, upload-time = "2025-09-25T21:32:22.617Z" },
]

[[package]]
name = "ruff"
version = "0.16.10"
source = { registry = "https://pypi.org/simple" }
sdist = { url = "https://files.pythonhosted.org/packages/c4/49/23802c45f093eb14bde54b141d2b2f058edfa63a06db7beed047308cc08f/ruff-0.16.10.tar.gz", hash = "sha256:eff4728c4eaae93f0955cd264d24b2ab348e74bf59986ccf282ba6dc16b3b017", size = 4958724, upload-time = "2026-10-01T18:03:21.697Z" }
wheels = [
    { url = "https://files.pythonhosted.org/packages/2f/21/ebce22e1d90cdb2cd691026b9c6e9bec6499f0b396089481755b5d49efff/ruff-0.16.10-py3-none-linux_armv6l.whl", hash = "sha256:488b0fe3f3574210e5cf80d9f59b9e3ab17a127a8155de3f307b392589cfb511", size = 10095557, upload-time = "2026-10-01T18:02:36.072Z" },
    { url = "https://files.pythonhosted.org/packages/cb/98/a54de85876a8b2612bfa0d84c7b9abfb39c6a3354aee7800b09c1649b9e3/ruff-0.16.10-py3-none-macosx_10_12_x86_64.whl", hash = "sha256:e748ff95c934c4e978783b8e687bc174e7bd84e8ad24e3243e1ecfcda5e0282d", size = 10340577, upload-time = "2026-10-01T18:02:39.258Z" },
    { url = "https://files.pythonhosted.org/packages/9f/16/1a5a4a2657effe4806110f2b907313802f1367fcdbb29e8122766e407fab/ruff-0.16.10-py3-none-macosx_11_0_arm64.whl", hash = "sha256:3031a4a2e8e7b8a46f70be45f198c35a11ece509a94b80334d8d397a33c67550", size = 9774282, upload-time = "2026-10-01T18:02:41.79Z" },
    { url = "https://files.pythonhosted.org/packages/6e/fb/470085af734da396e68cd80fb0a3e7c109a459716ae59588c0f6fab8a17d/ruff-0.16.10-py3-none-manylinux_2_17_aarch64.manylinux2014_aarch64.whl", hash = "sha256:494401c86df4c4c25f69b9419605d944467ee98c42fb6ad405ef4fa40b8fb67d", size = 9920895, upload-time = "2026-10-01T18:02:44.458Z" },
    { url = "https://files.pythonhosted.org/packages/57/de/f10cffe4f88a37ea6615ec460f01bf76f0bc1477737a35d9ee61a630a78b/ruff-0.16.10-py3-none-manylinux_2_17_armv7l.manylinux2014_armv7l.whl", hash = "sha256:d203abc0ff2b773ee33d00ab8df0bb67046fbc7c07b119332f08b9b345cf8221", size = 9902707, upload-time = "2026-10-01T18:02:47.041Z" },
    { url = "https://files.pythonhosted.org/packages/ff/44/3fdcedf83ae60ef837dd239170e480dce606a9142cfa2db911afdf855fd9/ruff-0.16.10-py3-none-manylinux_2_17_i686.manylinux2014_i686.whl", hash = "sha256:bd83d1235a5258d318477bc5b576303974cbdef5df0c01a1bff14efcc23bd12a", size = 10619287, upload-time = "2026-10-01T18:02:49.485Z" },
    { url = "https://files.pythonhosted.org/packages/c1/62/02e76a5574002153618eafbb70e159468addc72a5d2c488e65cbb4639d2d/ruff-0.16.10-py3-none-manylinux_2_17_ppc64le.manylinux2014_ppc64le.whl", hash = "sha256:bc2610fb269fa56dd8a68669ae470fa6272902668c0fc2ebc3aa112b2633d5b8", size = 11339942, upload-time = "2026-10-01T18:02:52.008Z" },
    { url = "https://files.pythonhosted.org/packages/6b/c4/cde27d47ad8d4126c587e608c67c46e7feac11763f606d261a1bc8a489e6/ruff-0.16.10-py3-none-manylinux_2_17_s390x.manylinux2014_s390x.whl", hash = "sha256:3e70175e29cc94c26ea296c80e470180b744b7419026898e58f520c6ab32578e", size = 10934316, upload-time = "2026-10-01T18:02:54.811Z" },
    { url = "https://files.pythonhosted.org/packages/e4/03/17234145f302a645a123e8c3bb2411ecf4669fbc350de3b0d803230a1729/ruff-0.16.10-py3-none-manylinux_2_17_x86_64.manylinux2014_x86_64.whl", hash = "sha256:f33f43a864a8483eebd160e713336c8bab02c934feaff0a33cf5ccb41546d09a", size = 10387968, upload-time = "2026-10-01T18:02:57.497Z" },
    { url = "https://files.pythonhosted.org/packages/71/29/2493af60240ee7644b38a4b821f5f9c3b5a4fa3178770fe1d0c685217395/ruff-0.16.10-py3-none-manylinux_2_31_riscv64.whl", hash = "sha256:1dfc6f0088149fb6a362c1c446bcbb3fd2157b3852fe2fa68409276eab9ad9b3", size = 10537906, upload-time = "2026-10-01T18:03:00.006Z" },
    { url = "https://files.pythonhosted.org/packages/2e/9a/f56b28f3b143bb9e518c34fb89ab191b626bca8b70dbf8af0d2e2d473572/ruff-0.16.10-py3-none-musllinux_1_2_aarch64.whl", hash = "sha256:6553498afc35f580f036030795810b9e6bcea31604b0fd9e8d352795473042e3", size = 10012938, upload-time = "2026-10-01T18:03:03.006Z" },
    { url = "https://files.pythonhosted.org/packages/c2/c4/fca37362848ea4d4d80712df13632e645e7c7cfb1bdedf140699ac7a090b/ruff-0.16.10-py3-none-musllinux_1_2_armv7l.whl", hash = "sha256:a3b8471dea115d37f123882be852bed13403746d3a76c11de4a19ec5f9ff5a03", size = 9897945, upload-time = "2026-10-01T18:03:05.818Z" },
    { url = "https://files.pythonhosted.org/packages/7d/c7/e0bc57664d6e0c61fd22f620af260fe9662d7e1ddb320ea7f160e76ef165/ruff-0.16.10-py3-none-musllinux_1_2_i686.whl", hash = "sha256:92e59a70bcbd9d3a5483656da906ec28edfdacfce00afd99edb8b4e9d15644be", size = 10333134, upload-time = "2026-10-01T18:03:08.25Z" },
    { url = "https://files.pythonhosted.org/packages/21/aa/5c9f3b68737c0e4a33a1db5dfab44f7b786d96ca91a7233112ddab1e6dc2/ruff-0.16.10-py3-none-musllinux_1_2_x86_64.whl", hash = "sha256:7ae7375f803b5520dc9f546bed7e3a0acb70b91812e9bb4b19927de22f25b77d", size = 10741702, upload-time = "2026-10-01T18:03:10.775Z" },
    { url = "https://files.pythonhosted.org/packages/78/fa/0f9c2020dc316c53d983be011720b8157cc052b97e3f4dfa7db6d0f880a6/ruff-0.16.10-py3-none-win32.whl", hash = "sha256:2a12e01cb9156c10c466f63b46eaae5ecea28dfbd21b5836353ae498e7d1349a", size = 10139176, upload-time = "2026-10-01T18:03:13.267Z" },
    { url = "https://files.pythonhosted.org/packages/99/29/cfb0df9448d4d4ad48c2de029ada9ebd71baa6da983a6c77ee6c6cd0fe82/ruff-0.16.10-py3-none-win_amd64.whl", hash = "sha256:97f2015c92aa97105b0eab19eb5d224884399281cfc5da86a92db4ab5e7fb2ca", size = 10584734, upload-time = "2026-10-01T18:03:16.006Z" },
    { url = "https://files.pythonhosted.org/packages/fc/05/c16957eb287c3fc062e032619a25868d93d408a844b725bcf514f7a378ff/ruff-0.16.10-py3-none-win_arm64.whl", hash = "sha256:25a65fe998c4e6861ec079ada5826a2fc605e6cbccbe9dcd7fac1f54e791621b", size = 10366440, upload-time = "2026-10-01T18:03:19.04Z" },
]

[[package]]
name = "types-pyyaml"
version = "6.0.12.20260906"
source = { registry = "https://pypi.org/simple" }
sdist = { url = "https://files.pythonhosted.org/packages/90/6e/abec85b9013db5b934b0280a6dd104904d84f7bcbaab2e2f3def87ac7463/types_pyyaml-6.0.12.20260906.tar.gz", hash = "sha256:f59c1cc05010b833d2d72287bbaa72610106b28d42d89a907313117faba85212", size = 18649, upload-time = "2026-09-06T06:35:35.362Z" }
wheels = [
    { url = "https://files.pythonhosted.org/packages/15/c0/fc0644b7ddcfb969e95845837143cb5173ddd6e06ee4ba5fc493cd9329b7/types_pyyaml-6.0.12.20260906-py3-none-any.whl", hash = "sha256:bca893ff0d51df5c9053137d5d0e6ccd36e939a196356f1d5c16372422f5137b", size = 21282, upload-time = "2026-09-06T06:35:34.372Z" },
]

[[package]]
name = "typing-extensions"
version = "4.16.0"
source = { registry = "https://pypi.org/simple" }
sdist = { url = "https://files.pythonhosted.org/packages/f6/cc/6253133b5bb138fc3306cebfbda2c520f545d36b5be2c7255cc528bb45d6/typing_extensions-4.16.0.tar.gz", hash = "sha256:dc983d19a509c94dba722ee6abd33940f7c05a89e243c47e907eb4db6f1a43e5", size = 113555, upload-time = "2026-07-02T08:40:05.92Z" }
wheels = [
    { url = "https://files.pythonhosted.org/packages/49/d3/b8441a820a491ddfc024b0b0cf0393375b75ea13866d9c66727e54c2fc80/typing_extensions-4.16.0-py3-none-any.whl", hash = "sha256:481caa481374e813c1b176ada14e97f1f67a4539ce9cfeb3f350d78d6370c2e8", size = 45571, upload-time = "2026-07-02T08:40:04.659Z" },
]
